# THIS IS AN AUTOGENERATED FILE. DO NOT EDIT THIS FILE DIRECTLY.
# yarn lockfile v1


spark-ar-participant-manager@1.0.0:
  version "1.0.0"
  resolved "https://registry.yarnpkg.com/spark-ar-participant-manager/-/spark-ar-participant-manager-1.0.0.tgz#c2b0985585c36f586d5ee8d88d331648341bcb9c"
  integrity sha512-khYGyIMF7sqOMzbZqYHy/EXxaKXESVPGMMMD4WGKhe9ymoLEjdc62yOzGU+vvlwQnat/Fn/ULn1BC4EM1uOEAQ==
